
Microsoft Visual Studio Solution File, Format Version 12.00
# Visual Studio Version 17
VisualStudioVersion = 17.9.34723.18
MinimumVisualStudioVersion = 10.0.40219.1
Project("{FAE04EC0-301F-11D3-BF4B-00C04F79EFBC}") = "FormLogin", "FormLogin\FormLogin.csproj", "{0F2180FB-733F-4CD8-A878-E5193DA389AB}"
EndProject
Global
	GlobalSection(SolutionConfigurationPlatforms) = preSolution
		Debug|Any CPU = Debug|Any CPU
		Release|Any CPU = Release|Any CPU
	EndGlobalSection
	GlobalSection(ProjectConfigurationPlatforms) = postSolution
		{0F2180FB-733F-4CD8-A878-E5193DA389AB}.Debug|Any CPU.ActiveCfg = Debug|Any CPU
		{0F2180FB-733F-4CD8-A878-E5193DA389AB}.Debug|Any CPU.Build.0 = Debug|Any CPU
		{0F2180FB-733F-4CD8-A878-E5193DA389AB}.Release|Any CPU.ActiveCfg = Release|Any CPU
		{0F2180FB-733F-4CD8-A878-E5193DA389AB}.Release|Any CPU.Build.0 = Release|Any CPU
	EndGlobalSection
	GlobalSection(SolutionProperties) = preSolution
		HideSolutionNode = FALSE
	EndGlobalSection
	GlobalSection(ExtensibilityGlobals) = postSolution
		SolutionGuid = {DFD02889-680C-4634-AE84-7C7788446883}
	EndGlobalSection
EndGlobal
